
Microsoft Visual Studio Solution File, Format Version 12.00
# Visual Studio Version 17
VisualStudioVersion = 17.1.32228.430
MinimumVisualStudioVersion = 10.0.40219.1
Project("{FAE04EC0-301F-11D3-BF4B-00C04F79EFBC}") = "NoobasStudio", "NoobasStudio\NoobasStudio.csproj", "{0ABD2724-6413-465B-803A-E68D1FA9340D}"
EndProject
Global
	GlobalSection(SolutionConfigurationPlatforms) = preSolution
		Debug|Any CPU = Debug|Any CPU
		Release|Any CPU = Release|Any CPU
	EndGlobalSection
	GlobalSection(ProjectConfigurationPlatforms) = postSolution
		{0ABD2724-6413-465B-803A-E68D1FA9340D}.Debug|Any CPU.ActiveCfg = Debug|Any CPU
		{0ABD2724-6413-465B-803A-E68D1FA9340D}.Debug|Any CPU.Build.0 = Debug|Any CPU
		{0ABD2724-6413-465B-803A-E68D1FA9340D}.Release|Any CPU.ActiveCfg = Release|Any CPU
		{0ABD2724-6413-465B-803A-E68D1FA9340D}.Release|Any CPU.Build.0 = Release|Any CPU
	EndGlobalSection
	GlobalSection(SolutionProperties) = preSolution
		HideSolutionNode = FALSE
	EndGlobalSection
	GlobalSection(ExtensibilityGlobals) = postSolution
		SolutionGuid = {57A384B4-590D-4B66-A96E-7349C05148FD}
	EndGlobalSection
EndGlobal
